// !$*UTF8*$!
{
	archiveVersion = 1;
	classes = {
	};
	objectVersion = 50;
	objects = {

/* Begin PBXBuildFile section */
		A014927E25A797C100FC6969 /* BullseyeTests.swift in Sources */ = {isa = PBXBuildFile; fileRef = A014927D25A797C100FC6969 /* BullseyeTests.swift */; };
		A041DFD025A4E6D500A595E5 /* BullseyeApp.swift in Sources */ = {isa = PBXBuildFile; fileRef = A041DFCF25A4E6D500A595E5 /* BullseyeApp.swift */; };
		A041DFD225A4E6D500A595E5 /* 8.swift in Sources */ = {isa = PBXBuildFile; fileRef = A041DFD125A4E6D500A595E5 /* 8.swift */; };
		A041DFD425A4E6D600A595E5 /* Assets.xcassets in Resources */ = {isa = PBXBuildFile; fileRef = A041DFD325A4E6D600A595E5 /* Assets.xcassets */; };
		A041DFD725A4E6D600A595E5 /* Preview Assets.xcassets in Resources */ = {isa = PBXBuildFile; fileRef = A041DFD625A4E6D600A595E5 /* Preview Assets.xcassets */; };
		A0537CB825A6532200BD26D0 /* Game.swift in Sources */ = {isa = PBXBuildFile; fileRef = A0537CB725A6532200BD26D0 /* Game.swift */; };
/* End PBXBuildFile section */

/* Begin PBXContainerItemProxy section */
		A014928025A797C100FC6969 /* PBXContainerItemProxy */ = {
			isa = PBXContainerItemProxy;
			containerPortal = A041DFC425A4E6D500A595E5 /* Project object */;
			proxyType = 1;
			remoteGlobalIDString = A041DFCB25A4E6D500A595E5;
			remoteInfo = Bullseye;
		};
/* End PBXContainerItemProxy section */

/* Begin PBXFileReference section */
		A014927B25A797C100FC6969 /* BullseyeTests.xctest */ = {isa = PBXFileReference; explicitFileType = wrapper.cfbundle; includeInIndex = 0; path = BullseyeTests.xctest; sourceTree = BUILT_PRODUCTS_DIR; };
		A014927D25A797C100FC6969 /* BullseyeTests.swift */ = {isa = PBXFileReference; lastKnownFileType = sourcecode.swift; path = BullseyeTests.swift; sourceTree = "<group>"; };
		A014927F25A797C100FC6969 /* Info.plist */ = {isa = PBXFileReference; lastKnownFileType = text.plist.xml; path = Info.plist; sourceTree = "<group>"; };
		A041DFCC25A4E6D500A595E5 /* Bullseye.app */ = {isa = PBXFileReference; explicitFileType = wrapper.application; includeInIndex = 0; path = Bullseye.app; sourceTree = BUILT_PRODUCTS_DIR; };
		A041DFCF25A4E6D500A595E5 /* BullseyeApp.swift */ = {isa = PBXFileReference; lastKnownFileType = sourcecode.swift; path = BullseyeApp.swift; sourceTree = "<group>"; };
		A041DFD125A4E6D500A595E5 /* 8.swift */ = {isa = PBXFileReference; lastKnownFileType = sourcecode.swift; path = 8.swift; sourceTree = "<group>"; };
		A041DFD325A4E6D600A595E5 /* Assets.xcassets */ = {isa = PBXFileReference; lastKnownFileType = folder.assetcatalog; path = Assets.xcassets; sourceTree = "<group>"; };
		A041DFD625A4E6D600A595E5 /* Preview Assets.xcassets */ = {isa = PBXFileReference; lastKnownFileType = folder.assetcatalog; path = "Preview Assets.xcassets"; sourceTree = "<group>"; };
		A041DFD825A4E6D600A595E5 /* Info.plist */ = {isa = PBXFileReference; lastKnownFileType = text.plist.xml; path = Info.plist; sourceTree = "<group>"; };
		A0537CB725A6532200BD26D0 /* Game.swift */ = {isa = PBXFileReference; lastKnownFileType = sourcecode.swift; path = Game.swift; sourceTree = "<group>"; };
/* End PBXFileReference section */

/* Begin PBXFrameworksBuildPhase section */
		A014927825A797C100FC6969 /* Frameworks */ = {
			isa = PBXFrameworksBuildPhase;
			buildActionMask = 2147483647;
			files = (
			);
			runOnlyForDeploymentPostprocessing = 0;
		};
		A041DFC925A4E6D500A595E5 /* Frameworks */ = {
			isa = PBXFrameworksBuildPhase;
			buildActionMask = 2147483647;
			files = (
			);
			runOnlyForDeploymentPostprocessing = 0;
		};
/* End PBXFrameworksBuildPhase section */

/* Begin PBXGroup section */
		A014927C25A797C100FC6969 /* BullseyeTests */ = {
			isa = PBXGroup;
			children = (
				A014927D25A797C100FC6969 /* BullseyeTests.swift */,
				A014927F25A797C100FC6969 /* Info.plist */,
			);
			path = BullseyeTests;
			sourceTree = "<group>";
		};
		A041DFC325A4E6D500A595E5 = {
			isa = PBXGroup;
			children = (
				A041DFCE25A4E6D500A595E5 /* Bullseye */,
				A014927C25A797C100FC6969 /* BullseyeTests */,
				A041DFCD25A4E6D500A595E5 /* Products */,
			);
			sourceTree = "<group>";
		};
		A041DFCD25A4E6D500A595E5 /* Products */ = {
			isa = PBXGroup;
			children = (
				A041DFCC25A4E6D500A595E5 /* Bullseye.app */,
				A014927B25A797C100FC6969 /* BullseyeTests.xctest */,
			);
			name = Products;
			sourceTree = "<group>";
		};
		A041DFCE25A4E6D500A595E5 /* Bullseye */ = {
			isa = PBXGroup;
			children = (
				A0537CB325A6525F00BD26D0 /* Views */,
				A0537CB225A6524B00BD26D0 /* Models */,
				A0537CB425A6527100BD26D0 /* App */,
				A041DFD525A4E6D600A595E5 /* Preview Content */,
			);
			path = Bullseye;
			sourceTree = "<group>";
		};
		A041DFD525A4E6D600A595E5 /* Preview Content */ = {
			isa = PBXGroup;
			children = (
				A041DFD625A4E6D600A595E5 /* Preview Assets.xcassets */,
			);
			path = "Preview Content";
			sourceTree = "<group>";
		};
		A0537CB225A6524B00BD26D0 /* Models */ = {
			isa = PBXGroup;
			children = (
				A0537CB725A6532200BD26D0 /* Game.swift */,
			);
			path = Models;
			sourceTree = "<group>";
		};
		A0537CB325A6525F00BD26D0 /* Views */ = {
			isa = PBXGroup;
			children = (
				A041DFD125A4E6D500A595E5 /* 8.swift */,
			);
			path = Views;
			sourceTree = "<group>";
		};
		A0537CB425A6527100BD26D0 /* App */ = {
			isa = PBXGroup;
			children = (
				A041DFD825A4E6D600A595E5 /* Info.plist */,
				A041DFD325A4E6D600A595E5 /* Assets.xcassets */,
				A041DFCF25A4E6D500A595E5 /* BullseyeApp.swift */,
			);
			path = App;
			sourceTree = "<group>";
		};
/* End PBXGroup section */

/* Begin PBXNativeTarget section */
		A014927A25A797C100FC6969 /* BullseyeTests */ = {
			isa = PBXNativeTarget;
			buildConfigurationList = A014928425A797C100FC6969 /* Build configuration list for PBXNativeTarget "BullseyeTests" */;
			buildPhases = (
				A014927725A797C100FC6969 /* Sources */,
				A014927825A797C100FC6969 /* Frameworks */,
				A014927925A797C100FC6969 /* Resources */,
			);
			buildRules = (
			);
			dependencies = (
				A014928125A797C100FC6969 /* PBXTargetDependency */,
			);
			name = BullseyeTests;
			productName = BullseyeTests;
			productReference = A014927B25A797C100FC6969 /* BullseyeTests.xctest */;
			productType = "com.apple.product-type.bundle.unit-test";
		};
		A041DFCB25A4E6D500A595E5 /* Bullseye */ = {
			isa = PBXNativeTarget;
			buildConfigurationList = A041DFDB25A4E6D600A595E5 /* Build configuration list for PBXNativeTarget "Bullseye" */;
			buildPhases = (
				A041DFC825A4E6D500A595E5 /* Sources */,
				A041DFC925A4E6D500A595E5 /* Frameworks */,
				A041DFCA25A4E6D500A595E5 /* Resources */,
			);
			buildRules = (
			);
			dependencies = (
			);
			name = Bullseye;
			productName = Bullseye;
			productReference = A041DFCC25A4E6D500A595E5 /* Bullseye.app */;
			productType = "com.apple.product-type.application";
		};
/* End PBXNativeTarget section */

/* Begin PBXProject section */
		A041DFC425A4E6D500A595E5 /* Project object */ = {
			isa = PBXProject;
			attributes = {
				LastSwiftUpdateCheck = 1230;
				LastUpgradeCheck = 1220;
				TargetAttributes = {
					A014927A25A797C100FC6969 = {
						CreatedOnToolsVersion = 12.3;
						TestTargetID = A041DFCB25A4E6D500A595E5;
					};
					A041DFCB25A4E6D500A595E5 = {
						CreatedOnToolsVersion = 12.2;
					};
				};
			};
			buildConfigurationList = A041DFC725A4E6D500A595E5 /* Build configuration list for PBXProject "Bullseye" */;
			compatibilityVersion = "Xcode 9.3";
			developmentRegion = en;
			hasScannedForEncodings = 0;
			knownRegions = (
				en,
				Base,
			);
			mainGroup = A041DFC325A4E6D500A595E5;
			productRefGroup = A041DFCD25A4E6D500A595E5 /* Products */;
			projectDirPath = "";
			projectRoot = "";
			targets = (
				A041DFCB25A4E6D500A595E5 /* Bullseye */,
				A014927A25A797C100FC6969 /* BullseyeTests */,
			);
		};
/* End PBXProject section */

/* Begin PBXResourcesBuildPhase section */
		A014927925A797C100FC6969 /* Resources */ = {
			isa = PBXResourcesBuildPhase;
			buildActionMask = 2147483647;
			files = (
			);
			runOnlyForDeploymentPostprocessing = 0;
		};
		A041DFCA25A4E6D500A595E5 /* Resources */ = {
			isa = PBXResourcesBuildPhase;
			buildActionMask = 2147483647;
			files = (
				A041DFD725A4E6D600A595E5 /* Preview Assets.xcassets in Resources */,
				A041DFD425A4E6D600A595E5 /* Assets.xcassets in Resources */,
			);
			runOnlyForDeploymentPostprocessing = 0;
		};
/* End PBXResourcesBuildPhase section */

/* Begin PBXSourcesBuildPhase section */
		A014927725A797C100FC6969 /* Sources */ = {
			isa = PBXSourcesBuildPhase;
			buildActionMask = 2147483647;
			files = (
				A014927E25A797C100FC6969 /* BullseyeTests.swift in Sources */,
			);
			runOnlyForDeploymentPostprocessing = 0;
		};
		A041DFC825A4E6D500A595E5 /* Sources */ = {
			isa = PBXSourcesBuildPhase;
			buildActionMask = 2147483647;
			files = (
				A041DFD225A4E6D500A595E5 /* 8.swift in Sources */,
				A0537CB825A6532200BD26D0 /* Game.swift in Sources */,
				A041DFD025A4E6D500A595E5 /* BullseyeApp.swift in Sources */,
			);
			runOnlyForDeploymentPostprocessing = 0;
		};
/* End PBXSourcesBuildPhase section */

/* Begin PBXTargetDependency section */
		A014928125A797C100FC6969 /* PBXTargetDependency */ = {
			isa = PBXTargetDependency;
			target = A041DFCB25A4E6D500A595E5 /* Bullseye */;
			targetProxy = A014928025A797C100FC6969 /* PBXContainerItemProxy */;
		};
/* End PBXTargetDependency section */

/* Begin XCBuildConfiguration section */
		A014928225A797C100FC6969 /* Debug */ = {
			isa = XCBuildConfiguration;
			buildSettings = {
				BUNDLE_LOADER = "$(TEST_HOST)";
				CODE_SIGN_STYLE = Automatic;
				DEVELOPMENT_TEAM = LJR34R9RR8;
				INFOPLIST_FILE = BullseyeTests/Info.plist;
				IPHONEOS_DEPLOYMENT_TARGET = 14.3;
				LD_RUNPATH_SEARCH_PATHS = (
					"$(inherited)",
					"@executable_path/Frameworks",
					"@loader_path/Frameworks",
				);
				PRODUCT_BUNDLE_IDENTIFIER = com.jose.BullseyeTests;
				PRODUCT_NAME = "$(TARGET_NAME)";
				SWIFT_VERSION = 5.0;
				TARGETED_DEVICE_FAMILY = "1,2";
				TEST_HOST = "$(BUILT_PRODUCTS_DIR)/Bullseye.app/Bullseye";
			};
			name = Debug;
		};
		A014928325A797C100FC6969 /* Release */ = {
			isa = XCBuildConfiguration;
			buildSettings = {
				BUNDLE_LOADER = "$(TEST_HOST)";
				CODE_SIGN_STYLE = Automatic;
				DEVELOPMENT_TEAM = LJR34R9RR8;
				INFOPLIST_FILE = BullseyeTests/Info.plist;
				IPHONEOS_DEPLOYMENT_TARGET = 14.3;
				LD_RUNPATH_SEARCH_PATHS = (
					"$(inherited)",
					"@executable_path/Frameworks",
					"@loader_path/Frameworks",
				);
				PRODUCT_BUNDLE_IDENTIFIER = com.jose.BullseyeTests;
				PRODUCT_NAME = "$(TARGET_NAME)";
				SWIFT_VERSION = 5.0;
				TARGETED_DEVICE_FAMILY = "1,2";
				TEST_HOST = "$(BUILT_PRODUCTS_DIR)/Bullseye.app/Bullseye";
			};
			name = Release;
		};
		A041DFD925A4E6D600A595E5 /* Debug */ = {
			isa = XCBuildConfiguration;
			buildSettings = {
				ALWAYS_SEARCH_USER_PATHS = NO;
				CLANG_ANALYZER_NONNULL = YES;
				CLANG_ANALYZER_NUMBER_OBJECT_CONVERSION = YES_AGGRESSIVE;
				CLANG_CXX_LANGUAGE_STANDARD = "gnu++14";
				CLANG_CXX_LIBRARY = "libc++";
				CLANG_ENABLE_MODULES = YES;
				CLANG_ENABLE_OBJC_ARC = YES;
				CLANG_ENABLE_OBJC_WEAK = YES;
				CLANG_WARN_BLOCK_CAPTURE_AUTORELEASING = YES;
				CLANG_WARN_BOOL_CONVERSION = YES;
				CLANG_WARN_COMMA = YES;
				CLANG_WARN_CONSTANT_CONVERSION = YES;
				CLANG_WARN_DEPRECATED_OBJC_IMPLEMENTATIONS = YES;
				CLANG_WARN_DIRECT_OBJC_ISA_USAGE = YES_ERROR;
				CLANG_WARN_DOCUMENTATION_COMMENTS = YES;
				CLANG_WARN_EMPTY_BODY = YES;
				CLANG_WARN_ENUM_CONVERSION = YES;
				CLANG_WARN_INFINITE_RECURSION = YES;
				CLANG_WARN_INT_CONVERSION = YES;
				CLANG_WARN_NON_LITERAL_NULL_CONVERSION = YES;
				CLANG_WARN_OBJC_IMPLICIT_RETAIN_SELF = YES;
				CLANG_WARN_OBJC_LITERAL_CONVERSION = YES;
				CLANG_WARN_OBJC_ROOT_CLASS = YES_ERROR;
				CLANG_WARN_QUOTED_INCLUDE_IN_FRAMEWORK_HEADER = YES;
				CLANG_WARN_RANGE_LOOP_ANALYSIS = YES;
				CLANG_WARN_STRICT_PROTOTYPES = YES;
				CLANG_WARN_SUSPICIOUS_MOVE = YES;
				CLANG_WARN_UNGUARDED_AVAILABILITY = YES_AGGRESSIVE;
				CLANG_WARN_UNREACHABLE_CODE = YES;
				CLANG_WARN__DUPLICATE_METHOD_MATCH = YES;
				COPY_PHASE_STRIP = NO;
				DEBUG_INFORMATION_FORMAT = dwarf;
				ENABLE_STRICT_OBJC_MSGSEND = YES;
				ENABLE_TESTABILITY = YES;
				GCC_C_LANGUAGE_STANDARD = gnu11;
				GCC_DYNAMIC_NO_PIC = NO;
				GCC_NO_COMMON_BLOCKS = YES;
				GCC_OPTIMIZATION_LEVEL = 0;
				GCC_PREPROCESSOR_DEFINITIONS = (
					"DEBUG=1",
					"$(inherited)",
				);
				GCC_WARN_64_TO_32_BIT_CONVERSION = YES;
				GCC_WARN_ABOUT_RETURN_TYPE = YES_ERROR;
				GCC_WARN_UNDECLARED_SELECTOR = YES;
				GCC_WARN_UNINITIALIZED_AUTOS = YES_AGGRESSIVE;
				GCC_WARN_UNUSED_FUNCTION = YES;
				GCC_WARN_UNUSED_VARIABLE = YES;
				IPHONEOS_DEPLOYMENT_TARGET = 14.2;
				MTL_ENABLE_DEBUG_INFO = INCLUDE_SOURCE;
				MTL_FAST_MATH = YES;
				ONLY_ACTIVE_ARCH = YES;
				SDKROOT = iphoneos;
				SWIFT_ACTIVE_COMPILATION_CONDITIONS = DEBUG;
				SWIFT_OPTIMIZATION_LEVEL = "-Onone";
			};
			name = Debug;
		};
		A041DFDA25A4E6D600A595E5 /* Release */ = {
			isa = XCBuildConfiguration;
			buildSettings = {
				ALWAYS_SEARCH_USER_PATHS = NO;
				CLANG_ANALYZER_NONNULL = YES;
				CLANG_ANALYZER_NUMBER_OBJECT_CONVERSION = YES_AGGRESSIVE;
				CLANG_CXX_LANGUAGE_STANDARD = "gnu++14";
				CLANG_CXX_LIBRARY = "libc++";
				CLANG_ENABLE_MODULES = YES;
				CLANG_ENABLE_OBJC_ARC = YES;
				CLANG_ENABLE_OBJC_WEAK = YES;
				CLANG_WARN_BLOCK_CAPTURE_AUTORELEASING = YES;
				CLANG_WARN_BOOL_CONVERSION = YES;
				CLANG_WARN_COMMA = YES;
				CLANG_WARN_CONSTANT_CONVERSION = YES;
				CLANG_WARN_DEPRECATED_OBJC_IMPLEMENTATIONS = YES;
				CLANG_WARN_DIRECT_OBJC_ISA_USAGE = YES_ERROR;
				CLANG_WARN_DOCUMENTATION_COMMENTS = YES;
				CLANG_WARN_EMPTY_BODY = YES;
				CLANG_WARN_ENUM_CONVERSION = YES;
				CLANG_WARN_INFINITE_RECURSION = YES;
				CLANG_WARN_INT_CONVERSION = YES;
				CLANG_WARN_NON_LITERAL_NULL_CONVERSION = YES;
				CLANG_WARN_OBJC_IMPLICIT_RETAIN_SELF = YES;
				CLANG_WARN_OBJC_LITERAL_CONVERSION = YES;
				CLANG_WARN_OBJC_ROOT_CLASS = YES_ERROR;
				CLANG_WARN_QUOTED_INCLUDE_IN_FRAMEWORK_HEADER = YES;
				CLANG_WARN_RANGE_LOOP_ANALYSIS = YES;
				CLANG_WARN_STRICT_PROTOTYPES = YES;
				CLANG_WARN_SUSPICIOUS_MOVE = YES;
				CLANG_WARN_UNGUARDED_AVAILABILITY = YES_AGGRESSIVE;
				CLANG_WARN_UNREACHABLE_CODE = YES;
				CLANG_WARN__DUPLICATE_METHOD_MATCH = YES;
				COPY_PHASE_STRIP = NO;
				DEBUG_INFORMATION_FORMAT = "dwarf-with-dsym";
				ENABLE_NS_ASSERTIONS = NO;
				ENABLE_STRICT_OBJC_MSGSEND = YES;
				GCC_C_LANGUAGE_STANDARD = gnu11;
				GCC_NO_COMMON_BLOCKS = YES;
				GCC_WARN_64_TO_32_BIT_CONVERSION = YES;
				GCC_WARN_ABOUT_RETURN_TYPE = YES_ERROR;
				GCC_WARN_UNDECLARED_SELECTOR = YES;
				GCC_WARN_UNINITIALIZED_AUTOS = YES_AGGRESSIVE;
				GCC_WARN_UNUSED_FUNCTION = YES;
				GCC_WARN_UNUSED_VARIABLE = YES;
				IPHONEOS_DEPLOYMENT_TARGET = 14.2;
				MTL_ENABLE_DEBUG_INFO = NO;
				MTL_FAST_MATH = YES;
				SDKROOT = iphoneos;
				SWIFT_COMPILATION_MODE = wholemodule;
				SWIFT_OPTIMIZATION_LEVEL = "-O";
				VALIDATE_PRODUCT = YES;
			};
			name = Release;
		};
		A041DFDC25A4E6D600A595E5 /* Debug */ = {
			isa = XCBuildConfiguration;
			buildSettings = {
				ASSETCATALOG_COMPILER_APPICON_NAME = AppIcon;
				ASSETCATALOG_COMPILER_GLOBAL_ACCENT_COLOR_NAME = AccentColor;
				CODE_SIGN_STYLE = Automatic;
				DEVELOPMENT_ASSET_PATHS = "\"Bullseye/Preview Content\"";
				DEVELOPMENT_TEAM = LJR34R9RR8;
				ENABLE_PREVIEWS = YES;
				INFOPLIST_FILE = Bullseye/App/Info.plist;
				IPHONEOS_DEPLOYMENT_TARGET = 14.0;
				LD_RUNPATH_SEARCH_PATHS = (
					"$(inherited)",
					"@executable_path/Frameworks",
				);
				PRODUCT_BUNDLE_IDENTIFIER = com.jose.Bullseye;
				PRODUCT_NAME = "$(TARGET_NAME)";
				SWIFT_VERSION = 5.0;
				TARGETED_DEVICE_FAMILY = "1,2";
			};
			name = Debug;
		};
		A041DFDD25A4E6D600A595E5 /* Release */ = {
			isa = XCBuildConfiguration;
			buildSettings = {
				ASSETCATALOG_COMPILER_APPICON_NAME = AppIcon;
				ASSETCATALOG_COMPILER_GLOBAL_ACCENT_COLOR_NAME = AccentColor;
				CODE_SIGN_STYLE = Automatic;
				DEVELOPMENT_ASSET_PATHS = "\"Bullseye/Preview Content\"";
				DEVELOPMENT_TEAM = LJR34R9RR8;
				ENABLE_PREVIEWS = YES;
				INFOPLIST_FILE = Bullseye/App/Info.plist;
				IPHONEOS_DEPLOYMENT_TARGET = 14.0;
				LD_RUNPATH_SEARCH_PATHS = (
					"$(inherited)",
					"@executable_path/Frameworks",
				);
				PRODUCT_BUNDLE_IDENTIFIER = com.jose.Bullseye;
				PRODUCT_NAME = "$(TARGET_NAME)";
				SWIFT_VERSION = 5.0;
				TARGETED_DEVICE_FAMILY = "1,2";
			};
			name = Release;
		};
/* End XCBuildConfiguration section */

/* Begin XCConfigurationList section */
		A014928425A797C100FC6969 /* Build configuration list for PBXNativeTarget "BullseyeTests" */ = {
			isa = XCConfigurationList;
			buildConfigurations = (
				A014928225A797C100FC6969 /* Debug */,
				A014928325A797C100FC6969 /* Release */,
			);
			defaultConfigurationIsVisible = 0;
			defaultConfigurationName = Release;
		};
		A041DFC725A4E6D500A595E5 /* Build configuration list for PBXProject "Bullseye" */ = {
			isa = XCConfigurationList;
			buildConfigurations = (
				A041DFD925A4E6D600A595E5 /* Debug */,
				A041DFDA25A4E6D600A595E5 /* Release */,
			);
			defaultConfigurationIsVisible = 0;
			defaultConfigurationName = Release;
		};
		A041DFDB25A4E6D600A595E5 /* Build configuration list for PBXNativeTarget "Bullseye" */ = {
			isa = XCConfigurationList;
			buildConfigurations = (
				A041DFDC25A4E6D600A595E5 /* Debug */,
				A041DFDD25A4E6D600A595E5 /* Release */,
			);
			defaultConfigurationIsVisible = 0;
			defaultConfigurationName = Release;
		};
/* End XCConfigurationList section */
	};
	rootObject = A041DFC425A4E6D500A595E5 /* Project object */;
}
